// !$*UTF8*$!
{
	archiveVersion = 1;
	classes = {
	};
	objectVersion = 77;
	objects = {

/* Begin PBXBuildFile section */
		097F2220108CEDEC10F8BD51 /* ScanMode.swift in Sources */ = {isa = PBXBuildFile; fileRef = 3D223CF9CC6D981048563890 /* ScanMode.swift */; };
		0C5C4B8C857B7780AFAE3FEB /* ClosedCase.swift in Sources */ = {isa = PBXBuildFile; fileRef = 9BC92F9589E0725CC7F4C092 /* ClosedCase.swift */; };
		1663E35871064F5BE8BC9083 /* PocketDexCore in Frameworks */ = {isa = PBXBuildFile; productRef = F74FBCD34BEBF6C68C2A42F3 /* PocketDexCore */; };
		2C5B9642F64E8DD42B07D55C /* wrong.wav in Resources */ = {isa = PBXBuildFile; fileRef = 330FCF8A1F31FE7DE1A4B77C /* wrong.wav */; };
		3058F38A1012B4B670423ADD /* PocketDexApp.swift in Sources */ = {isa = PBXBuildFile; fileRef = 3B418053320F7F802BF8F86D /* PocketDexApp.swift */; };
		38079D79F630AE1846CB9963 /* Assets.xcassets in Resources */ = {isa = PBXBuildFile; fileRef = FD9A8D8766D1292949BE2591 /* Assets.xcassets */; };
		3E56D7E49620A6DC50ADC979 /* Theme.swift in Sources */ = {isa = PBXBuildFile; fileRef = 37D95E9CC307AAEFE74D91E7 /* Theme.swift */; };
		4600D2F85C133FEBCC649435 /* select.wav in Resources */ = {isa = PBXBuildFile; fileRef = 2C3B2EFB85C18BD14737DF3B /* select.wav */; };
		49CE5A20DCA439AB9278A14F /* PocketDexView.swift in Sources */ = {isa = PBXBuildFile; fileRef = 6F7C7DF3ED7E721BFBBB3F7D /* PocketDexView.swift */; };
		59EC5DB35C35123CBD0D86BD /* CollectionView.swift in Sources */ = {isa = PBXBuildFile; fileRef = BBFCAC1145D7A1504B5A4033 /* CollectionView.swift */; };
		687F9342FA46BB67A8D98B8E /* TouchDeck.swift in Sources */ = {isa = PBXBuildFile; fileRef = 2484B2769C0FA65005E9422D /* TouchDeck.swift */; };
		844CB905A3DEE9342FC802E2 /* open.wav in Resources */ = {isa = PBXBuildFile; fileRef = A66D7A75D1E931916A9444B4 /* open.wav */; };
		84F733519405FB433C9AA047 /* PocketDexUITests.swift in Sources */ = {isa = PBXBuildFile; fileRef = 277AB6FFD0AAE9FD19031F68 /* PocketDexUITests.swift */; };
		88C0815A150A8C18C515ADBE /* GameStore.swift in Sources */ = {isa = PBXBuildFile; fileRef = 47E4CF637A8F45A6E360C205 /* GameStore.swift */; };
		A0747516C69B4FC53A9F1C6E /* GamePanels.swift in Sources */ = {isa = PBXBuildFile; fileRef = 01ABACF5D1D9DA10A9E21939 /* GamePanels.swift */; };
		C6CADE12BC7ED30A800C3DDD /* Pettable.swift in Sources */ = {isa = PBXBuildFile; fileRef = 7C6269632EFC7200940E0A54 /* Pettable.swift */; };
		CAA4DE44254FBD28B8076583 /* FoldAdapter.swift in Sources */ = {isa = PBXBuildFile; fileRef = 1F06265E40DCC2C3D26BB826 /* FoldAdapter.swift */; };
		DD3658A4CC55DC4F7C7B8AF7 /* capture.wav in Resources */ = {isa = PBXBuildFile; fileRef = D2DFC1F7844B131706E567A3 /* capture.wav */; };
		E95FFD3CE979156D3A5D5EB1 /* Hardware.swift in Sources */ = {isa = PBXBuildFile; fileRef = 7DAB8D0F5AC0BB79D1D97B9E /* Hardware.swift */; };
		F34A87224AF3B056D61F23E3 /* close.wav in Resources */ = {isa = PBXBuildFile; fileRef = 353EAC92CB4CF230332E317F /* close.wav */; };
/* End PBXBuildFile section */

/* Begin PBXContainerItemProxy section */
		1C050FE54FBC17D8BAFC3B92 /* PBXContainerItemProxy */ = {
			isa = PBXContainerItemProxy;
			containerPortal = 11E93DF25A0D30DE7588789A /* Project object */;
			proxyType = 1;
			remoteGlobalIDString = B1A4916E258CF7CC31A0D501;
			remoteInfo = PocketDex;
		};
/* End PBXContainerItemProxy section */

/* Begin PBXFileReference section */
		01ABACF5D1D9DA10A9E21939 /* GamePanels.swift */ = {isa = PBXFileReference; lastKnownFileType = sourcecode.swift; path = GamePanels.swift; sourceTree = "<group>"; };
		1F06265E40DCC2C3D26BB826 /* FoldAdapter.swift */ = {isa = PBXFileReference; lastKnownFileType = sourcecode.swift; path = FoldAdapter.swift; sourceTree = "<group>"; };
		2484B2769C0FA65005E9422D /* TouchDeck.swift */ = {isa = PBXFileReference; lastKnownFileType = sourcecode.swift; path = TouchDeck.swift; sourceTree = "<group>"; };
		277AB6FFD0AAE9FD19031F68 /* PocketDexUITests.swift */ = {isa = PBXFileReference; lastKnownFileType = sourcecode.swift; path = PocketDexUITests.swift; sourceTree = "<group>"; };
		2C3B2EFB85C18BD14737DF3B /* select.wav */ = {isa = PBXFileReference; lastKnownFileType = audio.wav; path = select.wav; sourceTree = "<group>"; };
		2DA58AC8280A4A9BF9A8310A /* PocketDexUITests.xctest */ = {isa = PBXFileReference; includeInIndex = 0; lastKnownFileType = wrapper.cfbundle; path = PocketDexUITests.xctest; sourceTree = BUILT_PRODUCTS_DIR; };
		330FCF8A1F31FE7DE1A4B77C /* wrong.wav */ = {isa = PBXFileReference; lastKnownFileType = audio.wav; path = wrong.wav; sourceTree = "<group>"; };
		353EAC92CB4CF230332E317F /* close.wav */ = {isa = PBXFileReference; lastKnownFileType = audio.wav; path = close.wav; sourceTree = "<group>"; };
		37D95E9CC307AAEFE74D91E7 /* Theme.swift */ = {isa = PBXFileReference; lastKnownFileType = sourcecode.swift; path = Theme.swift; sourceTree = "<group>"; };
		3B418053320F7F802BF8F86D /* PocketDexApp.swift */ = {isa = PBXFileReference; lastKnownFileType = sourcecode.swift; path = PocketDexApp.swift; sourceTree = "<group>"; };
		3C0CA64F6A3BA6B0B748AC82 /* PocketDex.app */ = {isa = PBXFileReference; includeInIndex = 0; lastKnownFileType = wrapper.application; path = PocketDex.app; sourceTree = BUILT_PRODUCTS_DIR; };
		3D223CF9CC6D981048563890 /* ScanMode.swift */ = {isa = PBXFileReference; lastKnownFileType = sourcecode.swift; path = ScanMode.swift; sourceTree = "<group>"; };
		4505AB6C4A6471EA2B46FB39 /* Core */ = {isa = PBXFileReference; lastKnownFileType = folder; name = Core; path = Core; sourceTree = SOURCE_ROOT; };
		47E4CF637A8F45A6E360C205 /* GameStore.swift */ = {isa = PBXFileReference; lastKnownFileType = sourcecode.swift; path = GameStore.swift; sourceTree = "<group>"; };
		6F7C7DF3ED7E721BFBBB3F7D /* PocketDexView.swift */ = {isa = PBXFileReference; lastKnownFileType = sourcecode.swift; path = PocketDexView.swift; sourceTree = "<group>"; };
		7C6269632EFC7200940E0A54 /* Pettable.swift */ = {isa = PBXFileReference; lastKnownFileType = sourcecode.swift; path = Pettable.swift; sourceTree = "<group>"; };
		7DAB8D0F5AC0BB79D1D97B9E /* Hardware.swift */ = {isa = PBXFileReference; lastKnownFileType = sourcecode.swift; path = Hardware.swift; sourceTree = "<group>"; };
		9BC92F9589E0725CC7F4C092 /* ClosedCase.swift */ = {isa = PBXFileReference; lastKnownFileType = sourcecode.swift; path = ClosedCase.swift; sourceTree = "<group>"; };
		A66D7A75D1E931916A9444B4 /* open.wav */ = {isa = PBXFileReference; lastKnownFileType = audio.wav; path = open.wav; sourceTree = "<group>"; };
		BBFCAC1145D7A1504B5A4033 /* CollectionView.swift */ = {isa = PBXFileReference; lastKnownFileType = sourcecode.swift; path = CollectionView.swift; sourceTree = "<group>"; };
		D2DFC1F7844B131706E567A3 /* capture.wav */ = {isa = PBXFileReference; lastKnownFileType = audio.wav; path = capture.wav; sourceTree = "<group>"; };
		FD9A8D8766D1292949BE2591 /* Assets.xcassets */ = {isa = PBXFileReference; lastKnownFileType = folder.assetcatalog; path = Assets.xcassets; sourceTree = "<group>"; };
/* End PBXFileReference section */

/* Begin PBXFrameworksBuildPhase section */
		CAEE631F9A6EC3D0636A12E1 /* Frameworks */ = {
			isa = PBXFrameworksBuildPhase;
			buildActionMask = 2147483647;
			files = (
				1663E35871064F5BE8BC9083 /* PocketDexCore in Frameworks */,
			);
			runOnlyForDeploymentPostprocessing = 0;
		};
/* End PBXFrameworksBuildPhase section */

/* Begin PBXGroup section */
		21367750783ECA972E80D99C /* App */ = {
			isa = PBXGroup;
			children = (
				9BC92F9589E0725CC7F4C092 /* ClosedCase.swift */,
				BBFCAC1145D7A1504B5A4033 /* CollectionView.swift */,
				1F06265E40DCC2C3D26BB826 /* FoldAdapter.swift */,
				01ABACF5D1D9DA10A9E21939 /* GamePanels.swift */,
				47E4CF637A8F45A6E360C205 /* GameStore.swift */,
				7DAB8D0F5AC0BB79D1D97B9E /* Hardware.swift */,
				7C6269632EFC7200940E0A54 /* Pettable.swift */,
				3B418053320F7F802BF8F86D /* PocketDexApp.swift */,
				6F7C7DF3ED7E721BFBBB3F7D /* PocketDexView.swift */,
				3D223CF9CC6D981048563890 /* ScanMode.swift */,
				37D95E9CC307AAEFE74D91E7 /* Theme.swift */,
				2484B2769C0FA65005E9422D /* TouchDeck.swift */,
			);
			path = App;
			sourceTree = "<group>";
		};
		362AEC6929CD341412BA0D27 /* Products */ = {
			isa = PBXGroup;
			children = (
				3C0CA64F6A3BA6B0B748AC82 /* PocketDex.app */,
				2DA58AC8280A4A9BF9A8310A /* PocketDexUITests.xctest */,
			);
			name = Products;
			sourceTree = "<group>";
		};
		4C00CD9F93D363B514621C2D /* Resources */ = {
			isa = PBXGroup;
			children = (
				FD9A8D8766D1292949BE2591 /* Assets.xcassets */,
				D2DFC1F7844B131706E567A3 /* capture.wav */,
				353EAC92CB4CF230332E317F /* close.wav */,
				A66D7A75D1E931916A9444B4 /* open.wav */,
				2C3B2EFB85C18BD14737DF3B /* select.wav */,
				330FCF8A1F31FE7DE1A4B77C /* wrong.wav */,
			);
			path = Resources;
			sourceTree = "<group>";
		};
		60E00D254812464E27C70EFE = {
			isa = PBXGroup;
			children = (
				21367750783ECA972E80D99C /* App */,
				D8A9410760A710C4C478C6BA /* Packages */,
				4C00CD9F93D363B514621C2D /* Resources */,
				75AC428D6B44A4C1E272F334 /* UITests */,
				362AEC6929CD341412BA0D27 /* Products */,
			);
			sourceTree = "<group>";
		};
		75AC428D6B44A4C1E272F334 /* UITests */ = {
			isa = PBXGroup;
			children = (
				277AB6FFD0AAE9FD19031F68 /* PocketDexUITests.swift */,
			);
			path = UITests;
			sourceTree = "<group>";
		};
		D8A9410760A710C4C478C6BA /* Packages */ = {
			isa = PBXGroup;
			children = (
				4505AB6C4A6471EA2B46FB39 /* Core */,
			);
			name = Packages;
			sourceTree = "<group>";
		};
/* End PBXGroup section */

/* Begin PBXNativeTarget section */
		5D7432FA517A3C2E572706BC /* PocketDexUITests */ = {
			isa = PBXNativeTarget;
			buildConfigurationList = 6738F2BFB65D2793088B342F /* Build configuration list for PBXNativeTarget "PocketDexUITests" */;
			buildPhases = (
				C4B7FE70C14D043C5CE30221 /* Sources */,
			);
			buildRules = (
			);
			dependencies = (
				95F09E9962E22CD2601A2D0E /* PBXTargetDependency */,
			);
			name = PocketDexUITests;
			packageProductDependencies = (
			);
			productName = PocketDexUITests;
			productReference = 2DA58AC8280A4A9BF9A8310A /* PocketDexUITests.xctest */;
			productType = "com.apple.product-type.bundle.ui-testing";
		};
		B1A4916E258CF7CC31A0D501 /* PocketDex */ = {
			isa = PBXNativeTarget;
			buildConfigurationList = 28B0FB1298C6DF7B51AE07F1 /* Build configuration list for PBXNativeTarget "PocketDex" */;
			buildPhases = (
				02FB58FE4D32B9A3BA448715 /* Sources */,
				DE6DA14D461B6C28C9D4B3DB /* Resources */,
				CAEE631F9A6EC3D0636A12E1 /* Frameworks */,
			);
			buildRules = (
			);
			dependencies = (
			);
			name = PocketDex;
			packageProductDependencies = (
				F74FBCD34BEBF6C68C2A42F3 /* PocketDexCore */,
			);
			productName = PocketDex;
			productReference = 3C0CA64F6A3BA6B0B748AC82 /* PocketDex.app */;
			productType = "com.apple.product-type.application";
		};
/* End PBXNativeTarget section */

/* Begin PBXProject section */
		11E93DF25A0D30DE7588789A /* Project object */ = {
			isa = PBXProject;
			attributes = {
				BuildIndependentTargetsInParallel = YES;
				LastUpgradeCheck = 2710;
				TargetAttributes = {
					5D7432FA517A3C2E572706BC = {
						ProvisioningStyle = Automatic;
						TestTargetID = B1A4916E258CF7CC31A0D501;
					};
					B1A4916E258CF7CC31A0D501 = {
						ProvisioningStyle = Automatic;
					};
				};
			};
			buildConfigurationList = 00BB55B66446E8CA63B4EF83 /* Build configuration list for PBXProject "PocketDex" */;
			developmentRegion = en;
			hasScannedForEncodings = 0;
			knownRegions = (
				Base,
				en,
			);
			mainGroup = 60E00D254812464E27C70EFE;
			minimizedProjectReferenceProxies = 1;
			packageReferences = (
				C7A22B6FF19FEB7CB5B548FF /* XCLocalSwiftPackageReference "Core" */,
			);
			preferredProjectObjectVersion = 77;
			productRefGroup = 362AEC6929CD341412BA0D27 /* Products */;
			projectDirPath = "";
			projectRoot = "";
			targets = (
				B1A4916E258CF7CC31A0D501 /* PocketDex */,
				5D7432FA517A3C2E572706BC /* PocketDexUITests */,
			);
		};
/* End PBXProject section */

/* Begin PBXResourcesBuildPhase section */
		DE6DA14D461B6C28C9D4B3DB /* Resources */ = {
			isa = PBXResourcesBuildPhase;
			buildActionMask = 2147483647;
			files = (
				38079D79F630AE1846CB9963 /* Assets.xcassets in Resources */,
				DD3658A4CC55DC4F7C7B8AF7 /* capture.wav in Resources */,
				F34A87224AF3B056D61F23E3 /* close.wav in Resources */,
				844CB905A3DEE9342FC802E2 /* open.wav in Resources */,
				4600D2F85C133FEBCC649435 /* select.wav in Resources */,
				2C5B9642F64E8DD42B07D55C /* wrong.wav in Resources */,
			);
			runOnlyForDeploymentPostprocessing = 0;
		};
/* End PBXResourcesBuildPhase section */

/* Begin PBXSourcesBuildPhase section */
		02FB58FE4D32B9A3BA448715 /* Sources */ = {
			isa = PBXSourcesBuildPhase;
			buildActionMask = 2147483647;
			files = (
				0C5C4B8C857B7780AFAE3FEB /* ClosedCase.swift in Sources */,
				59EC5DB35C35123CBD0D86BD /* CollectionView.swift in Sources */,
				CAA4DE44254FBD28B8076583 /* FoldAdapter.swift in Sources */,
				A0747516C69B4FC53A9F1C6E /* GamePanels.swift in Sources */,
				88C0815A150A8C18C515ADBE /* GameStore.swift in Sources */,
				E95FFD3CE979156D3A5D5EB1 /* Hardware.swift in Sources */,
				C6CADE12BC7ED30A800C3DDD /* Pettable.swift in Sources */,
				3058F38A1012B4B670423ADD /* PocketDexApp.swift in Sources */,
				49CE5A20DCA439AB9278A14F /* PocketDexView.swift in Sources */,
				097F2220108CEDEC10F8BD51 /* ScanMode.swift in Sources */,
				3E56D7E49620A6DC50ADC979 /* Theme.swift in Sources */,
				687F9342FA46BB67A8D98B8E /* TouchDeck.swift in Sources */,
			);
			runOnlyForDeploymentPostprocessing = 0;
		};
		C4B7FE70C14D043C5CE30221 /* Sources */ = {
			isa = PBXSourcesBuildPhase;
			buildActionMask = 2147483647;
			files = (
				84F733519405FB433C9AA047 /* PocketDexUITests.swift in Sources */,
			);
			runOnlyForDeploymentPostprocessing = 0;
		};
/* End PBXSourcesBuildPhase section */

/* Begin PBXTargetDependency section */
		95F09E9962E22CD2601A2D0E /* PBXTargetDependency */ = {
			isa = PBXTargetDependency;
			target = B1A4916E258CF7CC31A0D501 /* PocketDex */;
			targetProxy = 1C050FE54FBC17D8BAFC3B92 /* PBXContainerItemProxy */;
		};
/* End PBXTargetDependency section */

/* Begin XCBuildConfiguration section */
		070FE34BEFAB037C0FE316BF /* ReleaseCompatibility */ = {
			isa = XCBuildConfiguration;
			buildSettings = {
				ALWAYS_SEARCH_USER_PATHS = NO;
				CLANG_ANALYZER_NONNULL = YES;
				CLANG_ANALYZER_NUMBER_OBJECT_CONVERSION = YES_AGGRESSIVE;
				CLANG_CXX_LANGUAGE_STANDARD = "gnu++14";
				CLANG_CXX_LIBRARY = "libc++";
				CLANG_ENABLE_MODULES = YES;
				CLANG_ENABLE_OBJC_ARC = YES;
				CLANG_ENABLE_OBJC_WEAK = YES;
				CLANG_WARN_BLOCK_CAPTURE_AUTORELEASING = YES;
				CLANG_WARN_BOOL_CONVERSION = YES;
				CLANG_WARN_COMMA = YES;
				CLANG_WARN_CONSTANT_CONVERSION = YES;
				CLANG_WARN_DEPRECATED_OBJC_IMPLEMENTATIONS = YES;
				CLANG_WARN_DIRECT_OBJC_ISA_USAGE = YES_ERROR;
				CLANG_WARN_DOCUMENTATION_COMMENTS = YES;
				CLANG_WARN_EMPTY_BODY = YES;
				CLANG_WARN_ENUM_CONVERSION = YES;
				CLANG_WARN_INFINITE_RECURSION = YES;
				CLANG_WARN_INT_CONVERSION = YES;
				CLANG_WARN_NON_LITERAL_NULL_CONVERSION = YES;
				CLANG_WARN_OBJC_IMPLICIT_RETAIN_SELF = YES;
				CLANG_WARN_OBJC_LITERAL_CONVERSION = YES;
				CLANG_WARN_OBJC_ROOT_CLASS = YES_ERROR;
				CLANG_WARN_QUOTED_INCLUDE_IN_FRAMEWORK_HEADER = YES;
				CLANG_WARN_RANGE_LOOP_ANALYSIS = YES;
				CLANG_WARN_STRICT_PROTOTYPES = YES;
				CLANG_WARN_SUSPICIOUS_MOVE = YES;
				CLANG_WARN_UNGUARDED_AVAILABILITY = YES_AGGRESSIVE;
				CLANG_WARN_UNREACHABLE_CODE = YES;
				CLANG_WARN__DUPLICATE_METHOD_MATCH = YES;
				CODE_SIGN_STYLE = Automatic;
				COPY_PHASE_STRIP = NO;
				DEBUG_INFORMATION_FORMAT = "dwarf-with-dsym";
				ENABLE_NS_ASSERTIONS = NO;
				ENABLE_STRICT_OBJC_MSGSEND = YES;
				GCC_C_LANGUAGE_STANDARD = gnu11;
				GCC_NO_COMMON_BLOCKS = YES;
				GCC_WARN_64_TO_32_BIT_CONVERSION = YES;
				GCC_WARN_ABOUT_RETURN_TYPE = YES_ERROR;
				GCC_WARN_UNDECLARED_SELECTOR = YES;
				GCC_WARN_UNINITIALIZED_AUTOS = YES_AGGRESSIVE;
				GCC_WARN_UNUSED_FUNCTION = YES;
				GCC_WARN_UNUSED_VARIABLE = YES;
				GENERATE_INFOPLIST_FILE = YES;
				IPHONEOS_DEPLOYMENT_TARGET = 26.0;
				MTL_ENABLE_DEBUG_INFO = NO;
				MTL_FAST_MATH = YES;
				PRODUCT_NAME = "$(TARGET_NAME)";
				SDKROOT = iphoneos;
				SWIFT_COMPILATION_MODE = wholemodule;
				SWIFT_OPTIMIZATION_LEVEL = "-O";
				SWIFT_VERSION = 6.0;
				TARGETED_DEVICE_FAMILY = "1,2";
			};
			name = ReleaseCompatibility;
		};
		1A716CA38AB30FF25C987E38 /* DebugCompatibility */ = {
			isa = XCBuildConfiguration;
			buildSettings = {
				ASSETCATALOG_COMPILER_APPICON_NAME = AppIcon;
				CODE_SIGN_IDENTITY = "iPhone Developer";
				CURRENT_PROJECT_VERSION = 1;
				INFOPLIST_KEY_CFBundleDisplayName = PocketDex;
				INFOPLIST_KEY_ITSAppUsesNonExemptEncryption = NO;
				INFOPLIST_KEY_NSCameraUsageDescription = "Scan mode shows the back camera on the Pokédex screen so you can scan a Pokémon plushie. Nothing is recorded or saved.";
				INFOPLIST_KEY_UIApplicationSceneManifest_Generation = YES;
				INFOPLIST_KEY_UILaunchScreen_Generation = YES;
				INFOPLIST_KEY_UISupportedInterfaceOrientations = "UIInterfaceOrientationPortrait UIInterfaceOrientationLandscapeLeft UIInterfaceOrientationLandscapeRight";
				INFOPLIST_KEY_UISupportedInterfaceOrientations_iPad = "UIInterfaceOrientationPortrait UIInterfaceOrientationPortraitUpsideDown UIInterfaceOrientationLandscapeLeft UIInterfaceOrientationLandscapeRight";
				LD_RUNPATH_SEARCH_PATHS = (
					"$(inherited)",
					"@executable_path/Frameworks",
				);
				MARKETING_VERSION = 1.0;
				PRODUCT_BUNDLE_IDENTIFIER = me.rafaelmedina.PocketDex;
				SDKROOT = iphoneos;
				TARGETED_DEVICE_FAMILY = "1,2";
			};
			name = DebugCompatibility;
		};
		3874946F805AEB14C09AF5B8 /* Debug */ = {
			isa = XCBuildConfiguration;
			buildSettings = {
				BUNDLE_LOADER = "$(TEST_HOST)";
				LD_RUNPATH_SEARCH_PATHS = (
					"$(inherited)",
					"@executable_path/Frameworks",
					"@loader_path/Frameworks",
				);
				PRODUCT_BUNDLE_IDENTIFIER = me.rafaelmedina.PocketDex.UITests;
				SDKROOT = iphoneos;
				TARGETED_DEVICE_FAMILY = "1,2";
				TEST_TARGET_NAME = PocketDex;
			};
			name = Debug;
		};
		395D24574CCC02C911FAA203 /* Debug */ = {
			isa = XCBuildConfiguration;
			buildSettings = {
				ALWAYS_SEARCH_USER_PATHS = NO;
				CLANG_ANALYZER_NONNULL = YES;
				CLANG_ANALYZER_NUMBER_OBJECT_CONVERSION = YES_AGGRESSIVE;
				CLANG_CXX_LANGUAGE_STANDARD = "gnu++14";
				CLANG_CXX_LIBRARY = "libc++";
				CLANG_ENABLE_MODULES = YES;
				CLANG_ENABLE_OBJC_ARC = YES;
				CLANG_ENABLE_OBJC_WEAK = YES;
				CLANG_WARN_BLOCK_CAPTURE_AUTORELEASING = YES;
				CLANG_WARN_BOOL_CONVERSION = YES;
				CLANG_WARN_COMMA = YES;
				CLANG_WARN_CONSTANT_CONVERSION = YES;
				CLANG_WARN_DEPRECATED_OBJC_IMPLEMENTATIONS = YES;
				CLANG_WARN_DIRECT_OBJC_ISA_USAGE = YES_ERROR;
				CLANG_WARN_DOCUMENTATION_COMMENTS = YES;
				CLANG_WARN_EMPTY_BODY = YES;
				CLANG_WARN_ENUM_CONVERSION = YES;
				CLANG_WARN_INFINITE_RECURSION = YES;
				CLANG_WARN_INT_CONVERSION = YES;
				CLANG_WARN_NON_LITERAL_NULL_CONVERSION = YES;
				CLANG_WARN_OBJC_IMPLICIT_RETAIN_SELF = YES;
				CLANG_WARN_OBJC_LITERAL_CONVERSION = YES;
				CLANG_WARN_OBJC_ROOT_CLASS = YES_ERROR;
				CLANG_WARN_QUOTED_INCLUDE_IN_FRAMEWORK_HEADER = YES;
				CLANG_WARN_RANGE_LOOP_ANALYSIS = YES;
				CLANG_WARN_STRICT_PROTOTYPES = YES;
				CLANG_WARN_SUSPICIOUS_MOVE = YES;
				CLANG_WARN_UNGUARDED_AVAILABILITY = YES_AGGRESSIVE;
				CLANG_WARN_UNREACHABLE_CODE = YES;
				CLANG_WARN__DUPLICATE_METHOD_MATCH = YES;
				CODE_SIGN_STYLE = Automatic;
				COPY_PHASE_STRIP = NO;
				DEBUG_INFORMATION_FORMAT = dwarf;
				ENABLE_STRICT_OBJC_MSGSEND = YES;
				ENABLE_TESTABILITY = YES;
				GCC_C_LANGUAGE_STANDARD = gnu11;
				GCC_DYNAMIC_NO_PIC = NO;
				GCC_NO_COMMON_BLOCKS = YES;
				GCC_OPTIMIZATION_LEVEL = 0;
				GCC_PREPROCESSOR_DEFINITIONS = (
					"$(inherited)",
					"DEBUG=1",
				);
				GCC_WARN_64_TO_32_BIT_CONVERSION = YES;
				GCC_WARN_ABOUT_RETURN_TYPE = YES_ERROR;
				GCC_WARN_UNDECLARED_SELECTOR = YES;
				GCC_WARN_UNINITIALIZED_AUTOS = YES_AGGRESSIVE;
				GCC_WARN_UNUSED_FUNCTION = YES;
				GCC_WARN_UNUSED_VARIABLE = YES;
				GENERATE_INFOPLIST_FILE = YES;
				IPHONEOS_DEPLOYMENT_TARGET = 27.1;
				MTL_ENABLE_DEBUG_INFO = INCLUDE_SOURCE;
				MTL_FAST_MATH = YES;
				ONLY_ACTIVE_ARCH = YES;
				PRODUCT_NAME = "$(TARGET_NAME)";
				SDKROOT = iphoneos;
				SWIFT_ACTIVE_COMPILATION_CONDITIONS = "$(inherited) DEBUG POCKETDEX_DUO";
				SWIFT_OPTIMIZATION_LEVEL = "-Onone";
				SWIFT_VERSION = 6.0;
				TARGETED_DEVICE_FAMILY = "1,2";
			};
			name = Debug;
		};
		6D4A7B296CAAAAC3EF060AD2 /* Release */ = {
			isa = XCBuildConfiguration;
			buildSettings = {
				ASSETCATALOG_COMPILER_APPICON_NAME = AppIcon;
				CODE_SIGN_IDENTITY = "iPhone Developer";
				CURRENT_PROJECT_VERSION = 1;
				INFOPLIST_KEY_CFBundleDisplayName = PocketDex;
				INFOPLIST_KEY_ITSAppUsesNonExemptEncryption = NO;
				INFOPLIST_KEY_NSCameraUsageDescription = "Scan mode shows the back camera on the Pokédex screen so you can scan a Pokémon plushie. Nothing is recorded or saved.";
				INFOPLIST_KEY_UIApplicationSceneManifest_Generation = YES;
				INFOPLIST_KEY_UILaunchScreen_Generation = YES;
				INFOPLIST_KEY_UISupportedInterfaceOrientations = "UIInterfaceOrientationPortrait UIInterfaceOrientationLandscapeLeft UIInterfaceOrientationLandscapeRight";
				INFOPLIST_KEY_UISupportedInterfaceOrientations_iPad = "UIInterfaceOrientationPortrait UIInterfaceOrientationPortraitUpsideDown UIInterfaceOrientationLandscapeLeft UIInterfaceOrientationLandscapeRight";
				LD_RUNPATH_SEARCH_PATHS = (
					"$(inherited)",
					"@executable_path/Frameworks",
				);
				MARKETING_VERSION = 1.0;
				PRODUCT_BUNDLE_IDENTIFIER = me.rafaelmedina.PocketDex;
				SDKROOT = iphoneos;
				TARGETED_DEVICE_FAMILY = "1,2";
			};
			name = Release;
		};
		6D7E918CC902C7236FE768DD /* DebugCompatibility */ = {
			isa = XCBuildConfiguration;
			buildSettings = {
				ALWAYS_SEARCH_USER_PATHS = NO;
				CLANG_ANALYZER_NONNULL = YES;
				CLANG_ANALYZER_NUMBER_OBJECT_CONVERSION = YES_AGGRESSIVE;
				CLANG_CXX_LANGUAGE_STANDARD = "gnu++14";
				CLANG_CXX_LIBRARY = "libc++";
				CLANG_ENABLE_MODULES = YES;
				CLANG_ENABLE_OBJC_ARC = YES;
				CLANG_ENABLE_OBJC_WEAK = YES;
				CLANG_WARN_BLOCK_CAPTURE_AUTORELEASING = YES;
				CLANG_WARN_BOOL_CONVERSION = YES;
				CLANG_WARN_COMMA = YES;
				CLANG_WARN_CONSTANT_CONVERSION = YES;
				CLANG_WARN_DEPRECATED_OBJC_IMPLEMENTATIONS = YES;
				CLANG_WARN_DIRECT_OBJC_ISA_USAGE = YES_ERROR;
				CLANG_WARN_DOCUMENTATION_COMMENTS = YES;
				CLANG_WARN_EMPTY_BODY = YES;
				CLANG_WARN_ENUM_CONVERSION = YES;
				CLANG_WARN_INFINITE_RECURSION = YES;
				CLANG_WARN_INT_CONVERSION = YES;
				CLANG_WARN_NON_LITERAL_NULL_CONVERSION = YES;
				CLANG_WARN_OBJC_IMPLICIT_RETAIN_SELF = YES;
				CLANG_WARN_OBJC_LITERAL_CONVERSION = YES;
				CLANG_WARN_OBJC_ROOT_CLASS = YES_ERROR;
				CLANG_WARN_QUOTED_INCLUDE_IN_FRAMEWORK_HEADER = YES;
				CLANG_WARN_RANGE_LOOP_ANALYSIS = YES;
				CLANG_WARN_STRICT_PROTOTYPES = YES;
				CLANG_WARN_SUSPICIOUS_MOVE = YES;
				CLANG_WARN_UNGUARDED_AVAILABILITY = YES_AGGRESSIVE;
				CLANG_WARN_UNREACHABLE_CODE = YES;
				CLANG_WARN__DUPLICATE_METHOD_MATCH = YES;
				CODE_SIGN_STYLE = Automatic;
				COPY_PHASE_STRIP = NO;
				DEBUG_INFORMATION_FORMAT = dwarf;
				ENABLE_STRICT_OBJC_MSGSEND = YES;
				ENABLE_TESTABILITY = YES;
				GCC_C_LANGUAGE_STANDARD = gnu11;
				GCC_DYNAMIC_NO_PIC = NO;
				GCC_NO_COMMON_BLOCKS = YES;
				GCC_OPTIMIZATION_LEVEL = 0;
				GCC_PREPROCESSOR_DEFINITIONS = (
					"$(inherited)",
					"DEBUG=1",
				);
				GCC_WARN_64_TO_32_BIT_CONVERSION = YES;
				GCC_WARN_ABOUT_RETURN_TYPE = YES_ERROR;
				GCC_WARN_UNDECLARED_SELECTOR = YES;
				GCC_WARN_UNINITIALIZED_AUTOS = YES_AGGRESSIVE;
				GCC_WARN_UNUSED_FUNCTION = YES;
				GCC_WARN_UNUSED_VARIABLE = YES;
				GENERATE_INFOPLIST_FILE = YES;
				IPHONEOS_DEPLOYMENT_TARGET = 26.0;
				MTL_ENABLE_DEBUG_INFO = INCLUDE_SOURCE;
				MTL_FAST_MATH = YES;
				ONLY_ACTIVE_ARCH = YES;
				PRODUCT_NAME = "$(TARGET_NAME)";
				SDKROOT = iphoneos;
				SWIFT_ACTIVE_COMPILATION_CONDITIONS = "$(inherited) DEBUG";
				SWIFT_OPTIMIZATION_LEVEL = "-Onone";
				SWIFT_VERSION = 6.0;
				TARGETED_DEVICE_FAMILY = "1,2";
			};
			name = DebugCompatibility;
		};
		834BBD1C4AD5CD2EF39BDB2E /* Debug */ = {
			isa = XCBuildConfiguration;
			buildSettings = {
				ASSETCATALOG_COMPILER_APPICON_NAME = AppIcon;
				CODE_SIGN_IDENTITY = "iPhone Developer";
				CURRENT_PROJECT_VERSION = 1;
				INFOPLIST_KEY_CFBundleDisplayName = PocketDex;
				INFOPLIST_KEY_ITSAppUsesNonExemptEncryption = NO;
				INFOPLIST_KEY_NSCameraUsageDescription = "Scan mode shows the back camera on the Pokédex screen so you can scan a Pokémon plushie. Nothing is recorded or saved.";
				INFOPLIST_KEY_UIApplicationSceneManifest_Generation = YES;
				INFOPLIST_KEY_UILaunchScreen_Generation = YES;
				INFOPLIST_KEY_UISupportedInterfaceOrientations = "UIInterfaceOrientationPortrait UIInterfaceOrientationLandscapeLeft UIInterfaceOrientationLandscapeRight";
				INFOPLIST_KEY_UISupportedInterfaceOrientations_iPad = "UIInterfaceOrientationPortrait UIInterfaceOrientationPortraitUpsideDown UIInterfaceOrientationLandscapeLeft UIInterfaceOrientationLandscapeRight";
				LD_RUNPATH_SEARCH_PATHS = (
					"$(inherited)",
					"@executable_path/Frameworks",
				);
				MARKETING_VERSION = 1.0;
				PRODUCT_BUNDLE_IDENTIFIER = me.rafaelmedina.PocketDex;
				SDKROOT = iphoneos;
				TARGETED_DEVICE_FAMILY = "1,2";
			};
			name = Debug;
		};
		8933297D833C97893B62F713 /* ReleaseCompatibility */ = {
			isa = XCBuildConfiguration;
			buildSettings = {
				ASSETCATALOG_COMPILER_APPICON_NAME = AppIcon;
				CODE_SIGN_IDENTITY = "iPhone Developer";
				CURRENT_PROJECT_VERSION = 1;
				INFOPLIST_KEY_CFBundleDisplayName = PocketDex;
				INFOPLIST_KEY_ITSAppUsesNonExemptEncryption = NO;
				INFOPLIST_KEY_NSCameraUsageDescription = "Scan mode shows the back camera on the Pokédex screen so you can scan a Pokémon plushie. Nothing is recorded or saved.";
				INFOPLIST_KEY_UIApplicationSceneManifest_Generation = YES;
				INFOPLIST_KEY_UILaunchScreen_Generation = YES;
				INFOPLIST_KEY_UISupportedInterfaceOrientations = "UIInterfaceOrientationPortrait UIInterfaceOrientationLandscapeLeft UIInterfaceOrientationLandscapeRight";
				INFOPLIST_KEY_UISupportedInterfaceOrientations_iPad = "UIInterfaceOrientationPortrait UIInterfaceOrientationPortraitUpsideDown UIInterfaceOrientationLandscapeLeft UIInterfaceOrientationLandscapeRight";
				LD_RUNPATH_SEARCH_PATHS = (
					"$(inherited)",
					"@executable_path/Frameworks",
				);
				MARKETING_VERSION = 1.0;
				PRODUCT_BUNDLE_IDENTIFIER = me.rafaelmedina.PocketDex;
				SDKROOT = iphoneos;
				TARGETED_DEVICE_FAMILY = "1,2";
			};
			name = ReleaseCompatibility;
		};
		B2419A2734332278AFE12849 /* Release */ = {
			isa = XCBuildConfiguration;
			buildSettings = {
				BUNDLE_LOADER = "$(TEST_HOST)";
				LD_RUNPATH_SEARCH_PATHS = (
					"$(inherited)",
					"@executable_path/Frameworks",
					"@loader_path/Frameworks",
				);
				PRODUCT_BUNDLE_IDENTIFIER = me.rafaelmedina.PocketDex.UITests;
				SDKROOT = iphoneos;
				TARGETED_DEVICE_FAMILY = "1,2";
				TEST_TARGET_NAME = PocketDex;
			};
			name = Release;
		};
		B37E2A7AF9DB03572579A1A1 /* ReleaseCompatibility */ = {
			isa = XCBuildConfiguration;
			buildSettings = {
				BUNDLE_LOADER = "$(TEST_HOST)";
				LD_RUNPATH_SEARCH_PATHS = (
					"$(inherited)",
					"@executable_path/Frameworks",
					"@loader_path/Frameworks",
				);
				PRODUCT_BUNDLE_IDENTIFIER = me.rafaelmedina.PocketDex.UITests;
				SDKROOT = iphoneos;
				TARGETED_DEVICE_FAMILY = "1,2";
				TEST_TARGET_NAME = PocketDex;
			};
			name = ReleaseCompatibility;
		};
		C5E69B172CFD0B7936EC9EA8 /* Release */ = {
			isa = XCBuildConfiguration;
			buildSettings = {
				ALWAYS_SEARCH_USER_PATHS = NO;
				CLANG_ANALYZER_NONNULL = YES;
				CLANG_ANALYZER_NUMBER_OBJECT_CONVERSION = YES_AGGRESSIVE;
				CLANG_CXX_LANGUAGE_STANDARD = "gnu++14";
				CLANG_CXX_LIBRARY = "libc++";
				CLANG_ENABLE_MODULES = YES;
				CLANG_ENABLE_OBJC_ARC = YES;
				CLANG_ENABLE_OBJC_WEAK = YES;
				CLANG_WARN_BLOCK_CAPTURE_AUTORELEASING = YES;
				CLANG_WARN_BOOL_CONVERSION = YES;
				CLANG_WARN_COMMA = YES;
				CLANG_WARN_CONSTANT_CONVERSION = YES;
				CLANG_WARN_DEPRECATED_OBJC_IMPLEMENTATIONS = YES;
				CLANG_WARN_DIRECT_OBJC_ISA_USAGE = YES_ERROR;
				CLANG_WARN_DOCUMENTATION_COMMENTS = YES;
				CLANG_WARN_EMPTY_BODY = YES;
				CLANG_WARN_ENUM_CONVERSION = YES;
				CLANG_WARN_INFINITE_RECURSION = YES;
				CLANG_WARN_INT_CONVERSION = YES;
				CLANG_WARN_NON_LITERAL_NULL_CONVERSION = YES;
				CLANG_WARN_OBJC_IMPLICIT_RETAIN_SELF = YES;
				CLANG_WARN_OBJC_LITERAL_CONVERSION = YES;
				CLANG_WARN_OBJC_ROOT_CLASS = YES_ERROR;
				CLANG_WARN_QUOTED_INCLUDE_IN_FRAMEWORK_HEADER = YES;
				CLANG_WARN_RANGE_LOOP_ANALYSIS = YES;
				CLANG_WARN_STRICT_PROTOTYPES = YES;
				CLANG_WARN_SUSPICIOUS_MOVE = YES;
				CLANG_WARN_UNGUARDED_AVAILABILITY = YES_AGGRESSIVE;
				CLANG_WARN_UNREACHABLE_CODE = YES;
				CLANG_WARN__DUPLICATE_METHOD_MATCH = YES;
				CODE_SIGN_STYLE = Automatic;
				COPY_PHASE_STRIP = NO;
				DEBUG_INFORMATION_FORMAT = "dwarf-with-dsym";
				ENABLE_NS_ASSERTIONS = NO;
				ENABLE_STRICT_OBJC_MSGSEND = YES;
				GCC_C_LANGUAGE_STANDARD = gnu11;
				GCC_NO_COMMON_BLOCKS = YES;
				GCC_WARN_64_TO_32_BIT_CONVERSION = YES;
				GCC_WARN_ABOUT_RETURN_TYPE = YES_ERROR;
				GCC_WARN_UNDECLARED_SELECTOR = YES;
				GCC_WARN_UNINITIALIZED_AUTOS = YES_AGGRESSIVE;
				GCC_WARN_UNUSED_FUNCTION = YES;
				GCC_WARN_UNUSED_VARIABLE = YES;
				GENERATE_INFOPLIST_FILE = YES;
				IPHONEOS_DEPLOYMENT_TARGET = 27.1;
				MTL_ENABLE_DEBUG_INFO = NO;
				MTL_FAST_MATH = YES;
				PRODUCT_NAME = "$(TARGET_NAME)";
				SDKROOT = iphoneos;
				SWIFT_ACTIVE_COMPILATION_CONDITIONS = "$(inherited) POCKETDEX_DUO";
				SWIFT_COMPILATION_MODE = wholemodule;
				SWIFT_OPTIMIZATION_LEVEL = "-O";
				SWIFT_VERSION = 6.0;
				TARGETED_DEVICE_FAMILY = "1,2";
			};
			name = Release;
		};
		E700B2362FD7A496EAA63527 /* DebugCompatibility */ = {
			isa = XCBuildConfiguration;
			buildSettings = {
				BUNDLE_LOADER = "$(TEST_HOST)";
				LD_RUNPATH_SEARCH_PATHS = (
					"$(inherited)",
					"@executable_path/Frameworks",
					"@loader_path/Frameworks",
				);
				PRODUCT_BUNDLE_IDENTIFIER = me.rafaelmedina.PocketDex.UITests;
				SDKROOT = iphoneos;
				TARGETED_DEVICE_FAMILY = "1,2";
				TEST_TARGET_NAME = PocketDex;
			};
			name = DebugCompatibility;
		};
/* End XCBuildConfiguration section */

/* Begin XCConfigurationList section */
		00BB55B66446E8CA63B4EF83 /* Build configuration list for PBXProject "PocketDex" */ = {
			isa = XCConfigurationList;
			buildConfigurations = (
				395D24574CCC02C911FAA203 /* Debug */,
				6D7E918CC902C7236FE768DD /* DebugCompatibility */,
				C5E69B172CFD0B7936EC9EA8 /* Release */,
				070FE34BEFAB037C0FE316BF /* ReleaseCompatibility */,
			);
			defaultConfigurationIsVisible = 0;
			defaultConfigurationName = Debug;
		};
		28B0FB1298C6DF7B51AE07F1 /* Build configuration list for PBXNativeTarget "PocketDex" */ = {
			isa = XCConfigurationList;
			buildConfigurations = (
				834BBD1C4AD5CD2EF39BDB2E /* Debug */,
				1A716CA38AB30FF25C987E38 /* DebugCompatibility */,
				6D4A7B296CAAAAC3EF060AD2 /* Release */,
				8933297D833C97893B62F713 /* ReleaseCompatibility */,
			);
			defaultConfigurationIsVisible = 0;
			defaultConfigurationName = Debug;
		};
		6738F2BFB65D2793088B342F /* Build configuration list for PBXNativeTarget "PocketDexUITests" */ = {
			isa = XCConfigurationList;
			buildConfigurations = (
				3874946F805AEB14C09AF5B8 /* Debug */,
				E700B2362FD7A496EAA63527 /* DebugCompatibility */,
				B2419A2734332278AFE12849 /* Release */,
				B37E2A7AF9DB03572579A1A1 /* ReleaseCompatibility */,
			);
			defaultConfigurationIsVisible = 0;
			defaultConfigurationName = Debug;
		};
/* End XCConfigurationList section */

/* Begin XCLocalSwiftPackageReference section */
		C7A22B6FF19FEB7CB5B548FF /* XCLocalSwiftPackageReference "Core" */ = {
			isa = XCLocalSwiftPackageReference;
			relativePath = Core;
		};
/* End XCLocalSwiftPackageReference section */

/* Begin XCSwiftPackageProductDependency section */
		F74FBCD34BEBF6C68C2A42F3 /* PocketDexCore */ = {
			isa = XCSwiftPackageProductDependency;
			productName = PocketDexCore;
		};
/* End XCSwiftPackageProductDependency section */
	};
	rootObject = 11E93DF25A0D30DE7588789A /* Project object */;
}
